
Microsoft Visual Studio Solution File, Format Version 12.00
# Visual Studio Version 16
VisualStudioVersion = 16.0.29215.179
MinimumVisualStudioVersion = 10.0.40219.1
Project("{FAE04EC0-301F-11D3-BF4B-00C04F79EFBC}") = "WindowsFormGameTicTac", "WindowsFormGameTicTac.csproj", "{D47EC42D-ADE4-4571-B84B-46446384D01B}"
EndProject
Global
	GlobalSection(SolutionConfigurationPlatforms) = preSolution
		Debug|Any CPU = Debug|Any CPU
		Release|Any CPU = Release|Any CPU
	EndGlobalSection
	GlobalSection(ProjectConfigurationPlatforms) = postSolution
		{D47EC42D-ADE4-4571-B84B-46446384D01B}.Debug|Any CPU.ActiveCfg = Debug|Any CPU
		{D47EC42D-ADE4-4571-B84B-46446384D01B}.Debug|Any CPU.Build.0 = Debug|Any CPU
		{D47EC42D-ADE4-4571-B84B-46446384D01B}.Release|Any CPU.ActiveCfg = Release|Any CPU
		{D47EC42D-ADE4-4571-B84B-46446384D01B}.Release|Any CPU.Build.0 = Release|Any CPU
	EndGlobalSection
	GlobalSection(SolutionProperties) = preSolution
		HideSolutionNode = FALSE
	EndGlobalSection
	GlobalSection(ExtensibilityGlobals) = postSolution
		SolutionGuid = {D3D03C73-A9DB-4573-8082-84F17B1BC9CC}
	EndGlobalSection
EndGlobal
